
Microsoft Visual Studio Solution File, Format Version 12.00
# Visual Studio Version 17
VisualStudioVersion = 17.10.34928.147
MinimumVisualStudioVersion = 10.0.40219.1
Project("{9A19103F-16F7-4668-BE54-9A1E7A4F7556}") = "Assignment 2", "Assignment 2.csproj", "{30AC071C-D742-48E1-B98D-4AEB30334A77}"
EndProject
Global
	GlobalSection(SolutionConfigurationPlatforms) = preSolution
		Debug|Any CPU = Debug|Any CPU
		Release|Any CPU = Release|Any CPU
	EndGlobalSection
	GlobalSection(ProjectConfigurationPlatforms) = postSolution
		{30AC071C-D742-48E1-B98D-4AEB30334A77}.Debug|Any CPU.ActiveCfg = Debug|Any CPU
		{30AC071C-D742-48E1-B98D-4AEB30334A77}.Debug|Any CPU.Build.0 = Debug|Any CPU
		{30AC071C-D742-48E1-B98D-4AEB30334A77}.Release|Any CPU.ActiveCfg = Release|Any CPU
		{30AC071C-D742-48E1-B98D-4AEB30334A77}.Release|Any CPU.Build.0 = Release|Any CPU
	EndGlobalSection
	GlobalSection(SolutionProperties) = preSolution
		HideSolutionNode = FALSE
	EndGlobalSection
	GlobalSection(ExtensibilityGlobals) = postSolution
		SolutionGuid = {055EF43F-CB34-4287-9CCC-A2C1DEFBDD96}
	EndGlobalSection
EndGlobal
